# THIS IS AN AUTOGENERATED FILE. DO NOT EDIT THIS FILE DIRECTLY.
# yarn lockfile v1


"@actions/cache@0.2.1":
  version "0.2.1"
  resolved "https://registry.npmjs.org/@actions/cache/-/cache-0.2.1.tgz"
  dependencies:
    "@actions/core" "^1.2.4"
    "@actions/exec" "^1.0.1"
    "@actions/glob" "^0.1.0"
    "@actions/http-client" "^1.0.8"
    "@actions/io" "^1.0.1"
    semver "^6.1.0"
    uuid "^3.3.3"

"@actions/core@^1.2.0", "@actions/core@^1.2.3", "@actions/core@^1.2.4", "@actions/core@^1.2.6":
  version "1.2.6"
  resolved "https://registry.npmjs.org/@actions/core/-/core-1.2.6.tgz"

"@actions/exec@1.0.4", "@actions/exec@^1.0.0", "@actions/exec@^1.0.1":
  version "1.0.4"
  resolved "https://registry.npmjs.org/@actions/exec/-/exec-1.0.4.tgz"
  dependencies:
    "@actions/io" "^1.0.1"

"@actions/github@^5.0.0":
  version "5.0.0"
  resolved "https://registry.npmjs.org/@actions/github/-/github-5.0.0.tgz"
  dependencies:
    "@actions/http-client" "^1.0.11"
    "@octokit/core" "^3.4.0"
    "@octokit/plugin-paginate-rest" "^2.13.3"
    "@octokit/plugin-rest-endpoint-methods" "^5.1.1"

"@actions/glob@^0.1.0":
  version "0.1.0"
  resolved "https://registry.npmjs.org/@actions/glob/-/glob-0.1.0.tgz"
  dependencies:
    "@actions/core" "^1.2.0"
    minimatch "^3.0.4"

"@actions/http-client@^1.0.11", "@actions/http-client@^1.0.8":
  version "1.0.11"
  resolved "https://registry.npmjs.org/@actions/http-client/-/http-client-1.0.11.tgz"
  dependencies:
    tunnel "0.0.6"

"@actions/io@1.0.2", "@actions/io@^1.0.1":
  version "1.0.2"
  resolved "https://registry.npmjs.org/@actions/io/-/io-1.0.2.tgz"

"@actions/tool-cache@1.5.5":
  version "1.5.5"
  resolved "https://registry.npmjs.org/@actions/tool-cache/-/tool-cache-1.5.5.tgz"
  dependencies:
    "@actions/core" "^1.2.3"
    "@actions/exec" "^1.0.0"
    "@actions/http-client" "^1.0.8"
    "@actions/io" "^1.0.1"
    semver "^6.1.0"
    uuid "^3.3.2"

"@octokit/auth-token@^2.4.4":
  version "2.5.0"
  resolved "https://registry.npmjs.org/@octokit/auth-token/-/auth-token-2.5.0.tgz"
  dependencies:
    "@octokit/types" "^6.0.3"

"@octokit/core@^3.4.0":
  version "3.5.1"
  resolved "https://registry.npmjs.org/@octokit/core/-/core-3.5.1.tgz"
  dependencies:
    "@octokit/auth-token" "^2.4.4"
    "@octokit/graphql" "^4.5.8"
    "@octokit/request" "^5.6.0"
    "@octokit/request-error" "^2.0.5"
    "@octokit/types" "^6.0.3"
    before-after-hook "^2.2.0"
    universal-user-agent "^6.0.0"

"@octokit/endpoint@^6.0.1":
  version "6.0.12"
  resolved "https://registry.npmjs.org/@octokit/endpoint/-/endpoint-6.0.12.tgz"
  dependencies:
    "@octokit/types" "^6.0.3"
    is-plain-object "^5.0.0"
    universal-user-agent "^6.0.0"

"@octokit/graphql@^4.5.8":
  version "4.8.0"
  resolved "https://registry.npmjs.org/@octokit/graphql/-/graphql-4.8.0.tgz"
  dependencies:
    "@octokit/request" "^5.6.0"
    "@octokit/types" "^6.0.3"
    universal-user-agent "^6.0.0"

"@octokit/openapi-types@^11.2.0":
  version "11.2.0"
  resolved "https://registry.npmjs.org/@octokit/openapi-types/-/openapi-types-11.2.0.tgz"

"@octokit/plugin-paginate-rest@^2.13.3":
  version "2.17.0"
  resolved "https://registry.npmjs.org/@octokit/plugin-paginate-rest/-/plugin-paginate-rest-2.17.0.tgz"
  dependencies:
    "@octokit/types" "^6.34.0"

"@octokit/plugin-rest-endpoint-methods@^5.1.1":
  version "5.13.0"
  resolved "https://registry.npmjs.org/@octokit/plugin-rest-endpoint-methods/-/plugin-rest-endpoint-methods-5.13.0.tgz"
  dependencies:
    "@octokit/types" "^6.34.0"
    deprecation "^2.3.1"

"@octokit/request-error@^2.0.5", "@octokit/request-error@^2.1.0":
  version "2.1.0"
  resolved "https://registry.npmjs.org/@octokit/request-error/-/request-error-2.1.0.tgz"
  dependencies:
    "@octokit/types" "^6.0.3"
    deprecation "^2.0.0"
    once "^1.4.0"

"@octokit/request@^5.6.0":
  version "5.6.3"
  resolved "https://registry.npmjs.org/@octokit/request/-/request-5.6.3.tgz"
  dependencies:
    "@octokit/endpoint" "^6.0.1"
    "@octokit/request-error" "^2.1.0"
    "@octokit/types" "^6.16.1"
    is-plain-object "^5.0.0"
    node-fetch "^2.6.7"
    universal-user-agent "^6.0.0"

"@octokit/types@^6.0.3", "@octokit/types@^6.16.1", "@octokit/types@^6.34.0":
  version "6.34.0"
  resolved "https://registry.npmjs.org/@octokit/types/-/types-6.34.0.tgz"
  dependencies:
    "@octokit/openapi-types" "^11.2.0"

balanced-match@^1.0.0:
  version "1.0.0"
  resolved "https://registry.npmjs.org/balanced-match/-/balanced-match-1.0.0.tgz"

before-after-hook@^2.2.0:
  version "2.2.2"
  resolved "https://registry.npmjs.org/before-after-hook/-/before-after-hook-2.2.2.tgz"

brace-expansion@^1.1.7:
  version "1.1.11"
  resolved "https://registry.npmjs.org/brace-expansion/-/brace-expansion-1.1.11.tgz"
  dependencies:
    balanced-match "^1.0.0"
    concat-map "0.0.1"

concat-map@0.0.1:
  version "0.0.1"
  resolved "https://registry.npmjs.org/concat-map/-/concat-map-0.0.1.tgz"

deprecation@^2.0.0, deprecation@^2.3.1:
  version "2.3.1"
  resolved "https://registry.npmjs.org/deprecation/-/deprecation-2.3.1.tgz"

hasha@5.2.0:
  version "5.2.0"
  resolved "https://registry.npmjs.org/hasha/-/hasha-5.2.0.tgz"
  dependencies:
    is-stream "^2.0.0"
    type-fest "^0.8.0"

is-plain-object@^5.0.0:
  version "5.0.0"
  resolved "https://registry.npmjs.org/is-plain-object/-/is-plain-object-5.0.0.tgz"

is-stream@^2.0.0:
  version "2.0.0"
  resolved "https://registry.npmjs.org/is-stream/-/is-stream-2.0.0.tgz"

minimatch@^3.0.4:
  version "3.0.4"
  resolved "https://registry.npmjs.org/minimatch/-/minimatch-3.0.4.tgz"
  dependencies:
    brace-expansion "^1.1.7"

node-fetch@^2.6.7:
  version "2.6.7"
  resolved "https://registry.npmjs.org/node-fetch/-/node-fetch-2.6.7.tgz"
  dependencies:
    whatwg-url "^5.0.0"

once@^1.4.0:
  version "1.4.0"
  resolved "https://registry.npmjs.org/once/-/once-1.4.0.tgz"
  dependencies:
    wrappy "1"

semver@^6.1.0:
  version "6.3.1"
  resolved "https://registry.yarnpkg.com/semver/-/semver-6.3.1.tgz#556d2ef8689146e46dcea4bfdd095f3434dffcb4"

tr46@~0.0.3:
  version "0.0.3"
  resolved "https://registry.npmjs.org/tr46/-/tr46-0.0.3.tgz"

tunnel@0.0.6:
  version "0.0.6"
  resolved "https://registry.npmjs.org/tunnel/-/tunnel-0.0.6.tgz"

type-fest@^0.8.0:
  version "0.8.1"
  resolved "https://registry.npmjs.org/type-fest/-/type-fest-0.8.1.tgz"

universal-user-agent@^6.0.0:
  version "6.0.0"
  resolved "https://registry.npmjs.org/universal-user-agent/-/universal-user-agent-6.0.0.tgz"

uuid@^3.3.2, uuid@^3.3.3:
  version "3.4.0"
  resolved "https://registry.npmjs.org/uuid/-/uuid-3.4.0.tgz"

uuid@^8.3.2:
  version "8.3.2"
  resolved "https://registry.npmjs.org/uuid/-/uuid-8.3.2.tgz"

webidl-conversions@^3.0.0:
  version "3.0.1"
  resolved "https://registry.npmjs.org/webidl-conversions/-/webidl-conversions-3.0.1.tgz"

whatwg-url@^5.0.0:
  version "5.0.0"
  resolved "https://registry.npmjs.org/whatwg-url/-/whatwg-url-5.0.0.tgz"
  dependencies:
    tr46 "~0.0.3"
    webidl-conversions "^3.0.0"

wrappy@1:
  version "1.0.2"
  resolved "https://registry.npmjs.org/wrappy/-/wrappy-1.0.2.tgz"
